// !$*UTF8*$!
{
	archiveVersion = 1;
	classes = {
	};
	objectVersion = 70;
	objects = {

/* Begin PBXBuildFile section */
		9116BBD52C89AEEE00046324 /* AppDelegate.swift in Sources */ = {isa = PBXBuildFile; fileRef = 9116BBD42C89AEEE00046324 /* AppDelegate.swift */; };
		9116BBD72C89AEEE00046324 /* SceneDelegate.swift in Sources */ = {isa = PBXBuildFile; fileRef = 9116BBD62C89AEEE00046324 /* SceneDelegate.swift */; };
		9116BBD92C89AEEE00046324 /* ViewController.swift in Sources */ = {isa = PBXBuildFile; fileRef = 9116BBD82C89AEEE00046324 /* ViewController.swift */; };
		9116BBDC2C89AEEE00046324 /* Base in Resources */ = {isa = PBXBuildFile; fileRef = 9116BBDB2C89AEEE00046324 /* Base */; };
		9116BBDE2C89AEF000046324 /* Assets.xcassets in Resources */ = {isa = PBXBuildFile; fileRef = 9116BBDD2C89AEF000046324 /* Assets.xcassets */; };
		9116BBE12C89AEF000046324 /* Base in Resources */ = {isa = PBXBuildFile; fileRef = 9116BBE02C89AEF000046324 /* Base */; };
		9116BBF62C89AEF000046324 /* MyEssentialFeedUITests.swift in Sources */ = {isa = PBXBuildFile; fileRef = 9116BBF52C89AEF000046324 /* MyEssentialFeedUITests.swift */; };
		9116BBF82C89AEF000046324 /* MyEssentialFeedUITestsLaunchTests.swift in Sources */ = {isa = PBXBuildFile; fileRef = 9116BBF72C89AEF000046324 /* MyEssentialFeedUITestsLaunchTests.swift */; };
		9189788B2CA6C933009214A5 /* RemoteFeedLoader.swift in Sources */ = {isa = PBXBuildFile; fileRef = 9189788A2CA6C92A009214A5 /* RemoteFeedLoader.swift */; };
		91D092DC2C89AFC6004A2DDA /* FeedItem.swift in Sources */ = {isa = PBXBuildFile; fileRef = 91D092D92C89AFC6004A2DDA /* FeedItem.swift */; };
		91D092DD2C89AFC6004A2DDA /* FeedLoader.swift in Sources */ = {isa = PBXBuildFile; fileRef = 91D092DA2C89AFC6004A2DDA /* FeedLoader.swift */; };
		E8DECEFC2D3D64F8004CC80E /* URLSessionHTTPClient.swift in Sources */ = {isa = PBXBuildFile; fileRef = E8DECEFB2D3D64D6004CC80E /* URLSessionHTTPClient.swift */; };
		E8FEF4272CEA4690007070B1 /* HTTPClient.swift in Sources */ = {isa = PBXBuildFile; fileRef = E8FEF4262CEA4688007070B1 /* HTTPClient.swift */; };
		E8FEF4292CEA4817007070B1 /* FeedItemsMapper.swift in Sources */ = {isa = PBXBuildFile; fileRef = E8FEF4282CEA480E007070B1 /* FeedItemsMapper.swift */; };
/* End PBXBuildFile section */

/* Begin PBXContainerItemProxy section */
		9116BBE82C89AEF000046324 /* PBXContainerItemProxy */ = {
			isa = PBXContainerItemProxy;
			containerPortal = 9116BBC92C89AEEE00046324 /* Project object */;
			proxyType = 1;
			remoteGlobalIDString = 9116BBD02C89AEEE00046324;
			remoteInfo = MyEssentialFeed;
		};
		9116BBF22C89AEF000046324 /* PBXContainerItemProxy */ = {
			isa = PBXContainerItemProxy;
			containerPortal = 9116BBC92C89AEEE00046324 /* Project object */;
			proxyType = 1;
			remoteGlobalIDString = 9116BBD02C89AEEE00046324;
			remoteInfo = MyEssentialFeed;
		};
		E897E7972D58C0AA009435A1 /* PBXContainerItemProxy */ = {
			isa = PBXContainerItemProxy;
			containerPortal = 9116BBC92C89AEEE00046324 /* Project object */;
			proxyType = 1;
			remoteGlobalIDString = 9116BBD02C89AEEE00046324;
			remoteInfo = MyEssentialFeed;
		};
/* End PBXContainerItemProxy section */

/* Begin PBXFileReference section */
		9116BBD12C89AEEE00046324 /* MyEssentialFeed.app */ = {isa = PBXFileReference; explicitFileType = wrapper.application; includeInIndex = 0; path = MyEssentialFeed.app; sourceTree = BUILT_PRODUCTS_DIR; };
		9116BBD42C89AEEE00046324 /* AppDelegate.swift */ = {isa = PBXFileReference; lastKnownFileType = sourcecode.swift; path = AppDelegate.swift; sourceTree = "<group>"; };
		9116BBD62C89AEEE00046324 /* SceneDelegate.swift */ = {isa = PBXFileReference; lastKnownFileType = sourcecode.swift; path = SceneDelegate.swift; sourceTree = "<group>"; };
		9116BBD82C89AEEE00046324 /* ViewController.swift */ = {isa = PBXFileReference; lastKnownFileType = sourcecode.swift; path = ViewController.swift; sourceTree = "<group>"; };
		9116BBDB2C89AEEE00046324 /* Base */ = {isa = PBXFileReference; lastKnownFileType = file.storyboard; name = Base; path = Base.lproj/Main.storyboard; sourceTree = "<group>"; };
		9116BBDD2C89AEF000046324 /* Assets.xcassets */ = {isa = PBXFileReference; lastKnownFileType = folder.assetcatalog; path = Assets.xcassets; sourceTree = "<group>"; };
		9116BBE02C89AEF000046324 /* Base */ = {isa = PBXFileReference; lastKnownFileType = file.storyboard; name = Base; path = Base.lproj/LaunchScreen.storyboard; sourceTree = "<group>"; };
		9116BBE22C89AEF000046324 /* Info.plist */ = {isa = PBXFileReference; lastKnownFileType = text.plist.xml; path = Info.plist; sourceTree = "<group>"; };
		9116BBE72C89AEF000046324 /* MyEssentialFeedTests.xctest */ = {isa = PBXFileReference; explicitFileType = wrapper.cfbundle; includeInIndex = 0; path = MyEssentialFeedTests.xctest; sourceTree = BUILT_PRODUCTS_DIR; };
		9116BBF12C89AEF000046324 /* MyEssentialFeedUITests.xctest */ = {isa = PBXFileReference; explicitFileType = wrapper.cfbundle; includeInIndex = 0; path = MyEssentialFeedUITests.xctest; sourceTree = BUILT_PRODUCTS_DIR; };
		9116BBF52C89AEF000046324 /* MyEssentialFeedUITests.swift */ = {isa = PBXFileReference; lastKnownFileType = sourcecode.swift; path = MyEssentialFeedUITests.swift; sourceTree = "<group>"; };
		9116BBF72C89AEF000046324 /* MyEssentialFeedUITestsLaunchTests.swift */ = {isa = PBXFileReference; lastKnownFileType = sourcecode.swift; path = MyEssentialFeedUITestsLaunchTests.swift; sourceTree = "<group>"; };
		9189788A2CA6C92A009214A5 /* RemoteFeedLoader.swift */ = {isa = PBXFileReference; lastKnownFileType = sourcecode.swift; path = RemoteFeedLoader.swift; sourceTree = "<group>"; };
		91D092D92C89AFC6004A2DDA /* FeedItem.swift */ = {isa = PBXFileReference; fileEncoding = 4; lastKnownFileType = sourcecode.swift; path = FeedItem.swift; sourceTree = "<group>"; };
		91D092DA2C89AFC6004A2DDA /* FeedLoader.swift */ = {isa = PBXFileReference; fileEncoding = 4; lastKnownFileType = sourcecode.swift; path = FeedLoader.swift; sourceTree = "<group>"; };
		E897E7932D58C0AA009435A1 /* MyEssentialFeedAPIEndToEndTests.xctest */ = {isa = PBXFileReference; explicitFileType = wrapper.cfbundle; includeInIndex = 0; path = MyEssentialFeedAPIEndToEndTests.xctest; sourceTree = BUILT_PRODUCTS_DIR; };
		E8DECEFB2D3D64D6004CC80E /* URLSessionHTTPClient.swift */ = {isa = PBXFileReference; lastKnownFileType = sourcecode.swift; path = URLSessionHTTPClient.swift; sourceTree = "<group>"; };
		E8FEF4262CEA4688007070B1 /* HTTPClient.swift */ = {isa = PBXFileReference; lastKnownFileType = sourcecode.swift; path = HTTPClient.swift; sourceTree = "<group>"; };
		E8FEF4282CEA480E007070B1 /* FeedItemsMapper.swift */ = {isa = PBXFileReference; lastKnownFileType = sourcecode.swift; path = FeedItemsMapper.swift; sourceTree = "<group>"; };
/* End PBXFileReference section */

/* Begin PBXFileSystemSynchronizedRootGroup section */
		E897E7942D58C0AA009435A1 /* MyEssentialFeedAPIEndToEndTests */ = {isa = PBXFileSystemSynchronizedRootGroup; explicitFileTypes = {}; explicitFolders = (); path = MyEssentialFeedAPIEndToEndTests; sourceTree = "<group>"; };
		E89E764B2D2062EC005948A6 /* Feed API */ = {isa = PBXFileSystemSynchronizedRootGroup; explicitFileTypes = {}; explicitFolders = (); path = "Feed API"; sourceTree = "<group>"; };
/* End PBXFileSystemSynchronizedRootGroup section */

/* Begin PBXFrameworksBuildPhase section */
		9116BBCE2C89AEEE00046324 /* Frameworks */ = {
			isa = PBXFrameworksBuildPhase;
			buildActionMask = 2147483647;
			files = (
			);
			runOnlyForDeploymentPostprocessing = 0;
		};
		9116BBE42C89AEF000046324 /* Frameworks */ = {
			isa = PBXFrameworksBuildPhase;
			buildActionMask = 2147483647;
			files = (
			);
			runOnlyForDeploymentPostprocessing = 0;
		};
		9116BBEE2C89AEF000046324 /* Frameworks */ = {
			isa = PBXFrameworksBuildPhase;
			buildActionMask = 2147483647;
			files = (
			);
			runOnlyForDeploymentPostprocessing = 0;
		};
		E897E7902D58C0AA009435A1 /* Frameworks */ = {
			isa = PBXFrameworksBuildPhase;
			buildActionMask = 2147483647;
			files = (
			);
			runOnlyForDeploymentPostprocessing = 0;
		};
/* End PBXFrameworksBuildPhase section */

/* Begin PBXGroup section */
		9116BBC82C89AEEE00046324 = {
			isa = PBXGroup;
			children = (
				9116BBD32C89AEEE00046324 /* MyEssentialFeed */,
				9116BBEA2C89AEF000046324 /* MyEssentialFeedTests */,
				9116BBF42C89AEF000046324 /* MyEssentialFeedUITests */,
				E897E7942D58C0AA009435A1 /* MyEssentialFeedAPIEndToEndTests */,
				9116BBD22C89AEEE00046324 /* Products */,
			);
			sourceTree = "<group>";
		};
		9116BBD22C89AEEE00046324 /* Products */ = {
			isa = PBXGroup;
			children = (
				9116BBD12C89AEEE00046324 /* MyEssentialFeed.app */,
				9116BBE72C89AEF000046324 /* MyEssentialFeedTests.xctest */,
				9116BBF12C89AEF000046324 /* MyEssentialFeedUITests.xctest */,
				E897E7932D58C0AA009435A1 /* MyEssentialFeedAPIEndToEndTests.xctest */,
			);
			name = Products;
			sourceTree = "<group>";
		};
		9116BBD32C89AEEE00046324 /* MyEssentialFeed */ = {
			isa = PBXGroup;
			children = (
				9116BBD42C89AEEE00046324 /* AppDelegate.swift */,
				9116BBD62C89AEEE00046324 /* SceneDelegate.swift */,
				9116BBD82C89AEEE00046324 /* ViewController.swift */,
				9116BBDA2C89AEEE00046324 /* Main.storyboard */,
				9116BBDD2C89AEF000046324 /* Assets.xcassets */,
				9116BBDF2C89AEF000046324 /* LaunchScreen.storyboard */,
				91D092DB2C89AFC6004A2DDA /* Feed Feature */,
				918978892CA6C915009214A5 /* Feed API */,
				9116BBE22C89AEF000046324 /* Info.plist */,
			);
			path = MyEssentialFeed;
			sourceTree = "<group>";
		};
		9116BBEA2C89AEF000046324 /* MyEssentialFeedTests */ = {
			isa = PBXGroup;
			children = (
				E89E764B2D2062EC005948A6 /* Feed API */,
			);
			path = MyEssentialFeedTests;
			sourceTree = "<group>";
		};
		9116BBF42C89AEF000046324 /* MyEssentialFeedUITests */ = {
			isa = PBXGroup;
			children = (
				9116BBF52C89AEF000046324 /* MyEssentialFeedUITests.swift */,
				9116BBF72C89AEF000046324 /* MyEssentialFeedUITestsLaunchTests.swift */,
			);
			path = MyEssentialFeedUITests;
			sourceTree = "<group>";
		};
		918978892CA6C915009214A5 /* Feed API */ = {
			isa = PBXGroup;
			children = (
				9189788A2CA6C92A009214A5 /* RemoteFeedLoader.swift */,
				E8FEF4262CEA4688007070B1 /* HTTPClient.swift */,
				E8FEF4282CEA480E007070B1 /* FeedItemsMapper.swift */,
				E8DECEFB2D3D64D6004CC80E /* URLSessionHTTPClient.swift */,
			);
			path = "Feed API";
			sourceTree = "<group>";
		};
		91D092DB2C89AFC6004A2DDA /* Feed Feature */ = {
			isa = PBXGroup;
			children = (
				91D092D92C89AFC6004A2DDA /* FeedItem.swift */,
				91D092DA2C89AFC6004A2DDA /* FeedLoader.swift */,
			);
			path = "Feed Feature";
			sourceTree = "<group>";
		};
/* End PBXGroup section */

/* Begin PBXNativeTarget section */
		9116BBD02C89AEEE00046324 /* MyEssentialFeed */ = {
			isa = PBXNativeTarget;
			buildConfigurationList = 9116BBFB2C89AEF000046324 /* Build configuration list for PBXNativeTarget "MyEssentialFeed" */;
			buildPhases = (
				9116BBCD2C89AEEE00046324 /* Sources */,
				9116BBCE2C89AEEE00046324 /* Frameworks */,
				9116BBCF2C89AEEE00046324 /* Resources */,
			);
			buildRules = (
			);
			dependencies = (
			);
			name = MyEssentialFeed;
			productName = MyEssentialFeed;
			productReference = 9116BBD12C89AEEE00046324 /* MyEssentialFeed.app */;
			productType = "com.apple.product-type.application";
		};
		9116BBE62C89AEF000046324 /* MyEssentialFeedTests */ = {
			isa = PBXNativeTarget;
			buildConfigurationList = 9116BBFE2C89AEF000046324 /* Build configuration list for PBXNativeTarget "MyEssentialFeedTests" */;
			buildPhases = (
				9116BBE32C89AEF000046324 /* Sources */,
				9116BBE42C89AEF000046324 /* Frameworks */,
				9116BBE52C89AEF000046324 /* Resources */,
			);
			buildRules = (
			);
			dependencies = (
				9116BBE92C89AEF000046324 /* PBXTargetDependency */,
			);
			fileSystemSynchronizedGroups = (
				E89E764B2D2062EC005948A6 /* Feed API */,
			);
			name = MyEssentialFeedTests;
			productName = MyEssentialFeedTests;
			productReference = 9116BBE72C89AEF000046324 /* MyEssentialFeedTests.xctest */;
			productType = "com.apple.product-type.bundle.unit-test";
		};
		9116BBF02C89AEF000046324 /* MyEssentialFeedUITests */ = {
			isa = PBXNativeTarget;
			buildConfigurationList = 9116BC012C89AEF000046324 /* Build configuration list for PBXNativeTarget "MyEssentialFeedUITests" */;
			buildPhases = (
				9116BBED2C89AEF000046324 /* Sources */,
				9116BBEE2C89AEF000046324 /* Frameworks */,
				9116BBEF2C89AEF000046324 /* Resources */,
			);
			buildRules = (
			);
			dependencies = (
				9116BBF32C89AEF000046324 /* PBXTargetDependency */,
			);
			name = MyEssentialFeedUITests;
			productName = MyEssentialFeedUITests;
			productReference = 9116BBF12C89AEF000046324 /* MyEssentialFeedUITests.xctest */;
			productType = "com.apple.product-type.bundle.ui-testing";
		};
		E897E7922D58C0AA009435A1 /* MyEssentialFeedAPIEndToEndTests */ = {
			isa = PBXNativeTarget;
			buildConfigurationList = E897E79B2D58C0AA009435A1 /* Build configuration list for PBXNativeTarget "MyEssentialFeedAPIEndToEndTests" */;
			buildPhases = (
				E897E78F2D58C0AA009435A1 /* Sources */,
				E897E7902D58C0AA009435A1 /* Frameworks */,
				E897E7912D58C0AA009435A1 /* Resources */,
			);
			buildRules = (
			);
			dependencies = (
				E897E7982D58C0AA009435A1 /* PBXTargetDependency */,
			);
			fileSystemSynchronizedGroups = (
				E897E7942D58C0AA009435A1 /* MyEssentialFeedAPIEndToEndTests */,
			);
			name = MyEssentialFeedAPIEndToEndTests;
			packageProductDependencies = (
			);
			productName = MyEssentialFeedAPIEndToEndTests;
			productReference = E897E7932D58C0AA009435A1 /* MyEssentialFeedAPIEndToEndTests.xctest */;
			productType = "com.apple.product-type.bundle.unit-test";
		};
/* End PBXNativeTarget section */

/* Begin PBXProject section */
		9116BBC92C89AEEE00046324 /* Project object */ = {
			isa = PBXProject;
			attributes = {
				BuildIndependentTargetsInParallel = 1;
				LastSwiftUpdateCheck = 1620;
				LastUpgradeCheck = 1620;
				TargetAttributes = {
					9116BBD02C89AEEE00046324 = {
						CreatedOnToolsVersion = 15.4;
					};
					9116BBE62C89AEF000046324 = {
						CreatedOnToolsVersion = 15.4;
						TestTargetID = 9116BBD02C89AEEE00046324;
					};
					9116BBF02C89AEF000046324 = {
						CreatedOnToolsVersion = 15.4;
						TestTargetID = 9116BBD02C89AEEE00046324;
					};
					E897E7922D58C0AA009435A1 = {
						CreatedOnToolsVersion = 16.2;
						TestTargetID = 9116BBD02C89AEEE00046324;
					};
				};
			};
			buildConfigurationList = 9116BBCC2C89AEEE00046324 /* Build configuration list for PBXProject "MyEssentialFeed" */;
			compatibilityVersion = "Xcode 14.0";
			developmentRegion = en;
			hasScannedForEncodings = 0;
			knownRegions = (
				en,
				Base,
			);
			mainGroup = 9116BBC82C89AEEE00046324;
			productRefGroup = 9116BBD22C89AEEE00046324 /* Products */;
			projectDirPath = "";
			projectRoot = "";
			targets = (
				9116BBD02C89AEEE00046324 /* MyEssentialFeed */,
				9116BBE62C89AEF000046324 /* MyEssentialFeedTests */,
				9116BBF02C89AEF000046324 /* MyEssentialFeedUITests */,
				E897E7922D58C0AA009435A1 /* MyEssentialFeedAPIEndToEndTests */,
			);
		};
/* End PBXProject section */

/* Begin PBXResourcesBuildPhase section */
		9116BBCF2C89AEEE00046324 /* Resources */ = {
			isa = PBXResourcesBuildPhase;
			buildActionMask = 2147483647;
			files = (
				9116BBDE2C89AEF000046324 /* Assets.xcassets in Resources */,
				9116BBE12C89AEF000046324 /* Base in Resources */,
				9116BBDC2C89AEEE00046324 /* Base in Resources */,
			);
			runOnlyForDeploymentPostprocessing = 0;
		};
		9116BBE52C89AEF000046324 /* Resources */ = {
			isa = PBXResourcesBuildPhase;
			buildActionMask = 2147483647;
			files = (
			);
			runOnlyForDeploymentPostprocessing = 0;
		};
		9116BBEF2C89AEF000046324 /* Resources */ = {
			isa = PBXResourcesBuildPhase;
			buildActionMask = 2147483647;
			files = (
			);
			runOnlyForDeploymentPostprocessing = 0;
		};
		E897E7912D58C0AA009435A1 /* Resources */ = {
			isa = PBXResourcesBuildPhase;
			buildActionMask = 2147483647;
			files = (
			);
			runOnlyForDeploymentPostprocessing = 0;
		};
/* End PBXResourcesBuildPhase section */

/* Begin PBXSourcesBuildPhase section */
		9116BBCD2C89AEEE00046324 /* Sources */ = {
			isa = PBXSourcesBuildPhase;
			buildActionMask = 2147483647;
			files = (
				9189788B2CA6C933009214A5 /* RemoteFeedLoader.swift in Sources */,
				91D092DC2C89AFC6004A2DDA /* FeedItem.swift in Sources */,
				9116BBD92C89AEEE00046324 /* ViewController.swift in Sources */,
				E8FEF4292CEA4817007070B1 /* FeedItemsMapper.swift in Sources */,
				E8FEF4272CEA4690007070B1 /* HTTPClient.swift in Sources */,
				9116BBD52C89AEEE00046324 /* AppDelegate.swift in Sources */,
				91D092DD2C89AFC6004A2DDA /* FeedLoader.swift in Sources */,
				9116BBD72C89AEEE00046324 /* SceneDelegate.swift in Sources */,
				E8DECEFC2D3D64F8004CC80E /* URLSessionHTTPClient.swift in Sources */,
			);
			runOnlyForDeploymentPostprocessing = 0;
		};
		9116BBE32C89AEF000046324 /* Sources */ = {
			isa = PBXSourcesBuildPhase;
			buildActionMask = 2147483647;
			files = (
			);
			runOnlyForDeploymentPostprocessing = 0;
		};
		9116BBED2C89AEF000046324 /* Sources */ = {
			isa = PBXSourcesBuildPhase;
			buildActionMask = 2147483647;
			files = (
				9116BBF62C89AEF000046324 /* MyEssentialFeedUITests.swift in Sources */,
				9116BBF82C89AEF000046324 /* MyEssentialFeedUITestsLaunchTests.swift in Sources */,
			);
			runOnlyForDeploymentPostprocessing = 0;
		};
		E897E78F2D58C0AA009435A1 /* Sources */ = {
			isa = PBXSourcesBuildPhase;
			buildActionMask = 2147483647;
			files = (
			);
			runOnlyForDeploymentPostprocessing = 0;
		};
/* End PBXSourcesBuildPhase section */

/* Begin PBXTargetDependency section */
		9116BBE92C89AEF000046324 /* PBXTargetDependency */ = {
			isa = PBXTargetDependency;
			target = 9116BBD02C89AEEE00046324 /* MyEssentialFeed */;
			targetProxy = 9116BBE82C89AEF000046324 /* PBXContainerItemProxy */;
		};
		9116BBF32C89AEF000046324 /* PBXTargetDependency */ = {
			isa = PBXTargetDependency;
			target = 9116BBD02C89AEEE00046324 /* MyEssentialFeed */;
			targetProxy = 9116BBF22C89AEF000046324 /* PBXContainerItemProxy */;
		};
		E897E7982D58C0AA009435A1 /* PBXTargetDependency */ = {
			isa = PBXTargetDependency;
			target = 9116BBD02C89AEEE00046324 /* MyEssentialFeed */;
			targetProxy = E897E7972D58C0AA009435A1 /* PBXContainerItemProxy */;
		};
/* End PBXTargetDependency section */

/* Begin PBXVariantGroup section */
		9116BBDA2C89AEEE00046324 /* Main.storyboard */ = {
			isa = PBXVariantGroup;
			children = (
				9116BBDB2C89AEEE00046324 /* Base */,
			);
			name = Main.storyboard;
			sourceTree = "<group>";
		};
		9116BBDF2C89AEF000046324 /* LaunchScreen.storyboard */ = {
			isa = PBXVariantGroup;
			children = (
				9116BBE02C89AEF000046324 /* Base */,
			);
			name = LaunchScreen.storyboard;
			sourceTree = "<group>";
		};
/* End PBXVariantGroup section */

/* Begin XCBuildConfiguration section */
		9116BBF92C89AEF000046324 /* Debug */ = {
			isa = XCBuildConfiguration;
			buildSettings = {
				ALWAYS_SEARCH_USER_PATHS = NO;
				ASSETCATALOG_COMPILER_GENERATE_SWIFT_ASSET_SYMBOL_EXTENSIONS = YES;
				CLANG_ANALYZER_NONNULL = YES;
				CLANG_ANALYZER_NUMBER_OBJECT_CONVERSION = YES_AGGRESSIVE;
				CLANG_CXX_LANGUAGE_STANDARD = "gnu++20";
				CLANG_ENABLE_MODULES = YES;
				CLANG_ENABLE_OBJC_ARC = YES;
				CLANG_ENABLE_OBJC_WEAK = YES;
				CLANG_WARN_BLOCK_CAPTURE_AUTORELEASING = YES;
				CLANG_WARN_BOOL_CONVERSION = YES;
				CLANG_WARN_COMMA = YES;
				CLANG_WARN_CONSTANT_CONVERSION = YES;
				CLANG_WARN_DEPRECATED_OBJC_IMPLEMENTATIONS = YES;
				CLANG_WARN_DIRECT_OBJC_ISA_USAGE = YES_ERROR;
				CLANG_WARN_DOCUMENTATION_COMMENTS = YES;
				CLANG_WARN_EMPTY_BODY = YES;
				CLANG_WARN_ENUM_CONVERSION = YES;
				CLANG_WARN_INFINITE_RECURSION = YES;
				CLANG_WARN_INT_CONVERSION = YES;
				CLANG_WARN_NON_LITERAL_NULL_CONVERSION = YES;
				CLANG_WARN_OBJC_IMPLICIT_RETAIN_SELF = YES;
				CLANG_WARN_OBJC_LITERAL_CONVERSION = YES;
				CLANG_WARN_OBJC_ROOT_CLASS = YES_ERROR;
				CLANG_WARN_QUOTED_INCLUDE_IN_FRAMEWORK_HEADER = YES;
				CLANG_WARN_RANGE_LOOP_ANALYSIS = YES;
				CLANG_WARN_STRICT_PROTOTYPES = YES;
				CLANG_WARN_SUSPICIOUS_MOVE = YES;
				CLANG_WARN_UNGUARDED_AVAILABILITY = YES_AGGRESSIVE;
				CLANG_WARN_UNREACHABLE_CODE = YES;
				CLANG_WARN__DUPLICATE_METHOD_MATCH = YES;
				COPY_PHASE_STRIP = NO;
				DEBUG_INFORMATION_FORMAT = dwarf;
				ENABLE_STRICT_OBJC_MSGSEND = YES;
				ENABLE_TESTABILITY = YES;
				ENABLE_USER_SCRIPT_SANDBOXING = YES;
				GCC_C_LANGUAGE_STANDARD = gnu17;
				GCC_DYNAMIC_NO_PIC = NO;
				GCC_NO_COMMON_BLOCKS = YES;
				GCC_OPTIMIZATION_LEVEL = 0;
				GCC_PREPROCESSOR_DEFINITIONS = (
					"DEBUG=1",
					"$(inherited)",
				);
				GCC_WARN_64_TO_32_BIT_CONVERSION = YES;
				GCC_WARN_ABOUT_RETURN_TYPE = YES_ERROR;
				GCC_WARN_UNDECLARED_SELECTOR = YES;
				GCC_WARN_UNINITIALIZED_AUTOS = YES_AGGRESSIVE;
				GCC_WARN_UNUSED_FUNCTION = YES;
				GCC_WARN_UNUSED_VARIABLE = YES;
				IPHONEOS_DEPLOYMENT_TARGET = 17.5;
				LOCALIZATION_PREFERS_STRING_CATALOGS = YES;
				MTL_ENABLE_DEBUG_INFO = INCLUDE_SOURCE;
				MTL_FAST_MATH = YES;
				ONLY_ACTIVE_ARCH = YES;
				SDKROOT = iphoneos;
				SWIFT_ACTIVE_COMPILATION_CONDITIONS = "DEBUG $(inherited)";
				SWIFT_OPTIMIZATION_LEVEL = "-Onone";
			};
			name = Debug;
		};
		9116BBFA2C89AEF000046324 /* Release */ = {
			isa = XCBuildConfiguration;
			buildSettings = {
				ALWAYS_SEARCH_USER_PATHS = NO;
				ASSETCATALOG_COMPILER_GENERATE_SWIFT_ASSET_SYMBOL_EXTENSIONS = YES;
				CLANG_ANALYZER_NONNULL = YES;
				CLANG_ANALYZER_NUMBER_OBJECT_CONVERSION = YES_AGGRESSIVE;
				CLANG_CXX_LANGUAGE_STANDARD = "gnu++20";
				CLANG_ENABLE_MODULES = YES;
				CLANG_ENABLE_OBJC_ARC = YES;
				CLANG_ENABLE_OBJC_WEAK = YES;
				CLANG_WARN_BLOCK_CAPTURE_AUTORELEASING = YES;
				CLANG_WARN_BOOL_CONVERSION = YES;
				CLANG_WARN_COMMA = YES;
				CLANG_WARN_CONSTANT_CONVERSION = YES;
				CLANG_WARN_DEPRECATED_OBJC_IMPLEMENTATIONS = YES;
				CLANG_WARN_DIRECT_OBJC_ISA_USAGE = YES_ERROR;
				CLANG_WARN_DOCUMENTATION_COMMENTS = YES;
				CLANG_WARN_EMPTY_BODY = YES;
				CLANG_WARN_ENUM_CONVERSION = YES;
				CLANG_WARN_INFINITE_RECURSION = YES;
				CLANG_WARN_INT_CONVERSION = YES;
				CLANG_WARN_NON_LITERAL_NULL_CONVERSION = YES;
				CLANG_WARN_OBJC_IMPLICIT_RETAIN_SELF = YES;
				CLANG_WARN_OBJC_LITERAL_CONVERSION = YES;
				CLANG_WARN_OBJC_ROOT_CLASS = YES_ERROR;
				CLANG_WARN_QUOTED_INCLUDE_IN_FRAMEWORK_HEADER = YES;
				CLANG_WARN_RANGE_LOOP_ANALYSIS = YES;
				CLANG_WARN_STRICT_PROTOTYPES = YES;
				CLANG_WARN_SUSPICIOUS_MOVE = YES;
				CLANG_WARN_UNGUARDED_AVAILABILITY = YES_AGGRESSIVE;
				CLANG_WARN_UNREACHABLE_CODE = YES;
				CLANG_WARN__DUPLICATE_METHOD_MATCH = YES;
				COPY_PHASE_STRIP = NO;
				DEBUG_INFORMATION_FORMAT = "dwarf-with-dsym";
				ENABLE_NS_ASSERTIONS = NO;
				ENABLE_STRICT_OBJC_MSGSEND = YES;
				ENABLE_USER_SCRIPT_SANDBOXING = YES;
				GCC_C_LANGUAGE_STANDARD = gnu17;
				GCC_NO_COMMON_BLOCKS = YES;
				GCC_WARN_64_TO_32_BIT_CONVERSION = YES;
				GCC_WARN_ABOUT_RETURN_TYPE = YES_ERROR;
				GCC_WARN_UNDECLARED_SELECTOR = YES;
				GCC_WARN_UNINITIALIZED_AUTOS = YES_AGGRESSIVE;
				GCC_WARN_UNUSED_FUNCTION = YES;
				GCC_WARN_UNUSED_VARIABLE = YES;
				IPHONEOS_DEPLOYMENT_TARGET = 17.5;
				LOCALIZATION_PREFERS_STRING_CATALOGS = YES;
				MTL_ENABLE_DEBUG_INFO = NO;
				MTL_FAST_MATH = YES;
				SDKROOT = iphoneos;
				SWIFT_COMPILATION_MODE = wholemodule;
				VALIDATE_PRODUCT = YES;
			};
			name = Release;
		};
		9116BBFC2C89AEF000046324 /* Debug */ = {
			isa = XCBuildConfiguration;
			buildSettings = {
				ASSETCATALOG_COMPILER_APPICON_NAME = AppIcon;
				ASSETCATALOG_COMPILER_GLOBAL_ACCENT_COLOR_NAME = AccentColor;
				CODE_SIGN_STYLE = Automatic;
				CURRENT_PROJECT_VERSION = 1;
				GENERATE_INFOPLIST_FILE = YES;
				INFOPLIST_FILE = MyEssentialFeed/Info.plist;
				INFOPLIST_KEY_UIApplicationSupportsIndirectInputEvents = YES;
				INFOPLIST_KEY_UILaunchStoryboardName = LaunchScreen;
				INFOPLIST_KEY_UIMainStoryboardFile = Main;
				INFOPLIST_KEY_UISupportedInterfaceOrientations_iPad = "UIInterfaceOrientationPortrait UIInterfaceOrientationPortraitUpsideDown UIInterfaceOrientationLandscapeLeft UIInterfaceOrientationLandscapeRight";
				INFOPLIST_KEY_UISupportedInterfaceOrientations_iPhone = "UIInterfaceOrientationPortrait UIInterfaceOrientationLandscapeLeft UIInterfaceOrientationLandscapeRight";
				LD_RUNPATH_SEARCH_PATHS = (
					"$(inherited)",
					"@executable_path/Frameworks",
				);
				MARKETING_VERSION = 1.0;
				PRODUCT_BUNDLE_IDENTIFIER = in.com.MyEssentialFeed;
				PRODUCT_NAME = "$(TARGET_NAME)";
				SWIFT_EMIT_LOC_STRINGS = YES;
				SWIFT_VERSION = 5.0;
				TARGETED_DEVICE_FAMILY = "1,2";
			};
			name = Debug;
		};
		9116BBFD2C89AEF000046324 /* Release */ = {
			isa = XCBuildConfiguration;
			buildSettings = {
				ASSETCATALOG_COMPILER_APPICON_NAME = AppIcon;
				ASSETCATALOG_COMPILER_GLOBAL_ACCENT_COLOR_NAME = AccentColor;
				CODE_SIGN_STYLE = Automatic;
				CURRENT_PROJECT_VERSION = 1;
				GENERATE_INFOPLIST_FILE = YES;
				INFOPLIST_FILE = MyEssentialFeed/Info.plist;
				INFOPLIST_KEY_UIApplicationSupportsIndirectInputEvents = YES;
				INFOPLIST_KEY_UILaunchStoryboardName = LaunchScreen;
				INFOPLIST_KEY_UIMainStoryboardFile = Main;
				INFOPLIST_KEY_UISupportedInterfaceOrientations_iPad = "UIInterfaceOrientationPortrait UIInterfaceOrientationPortraitUpsideDown UIInterfaceOrientationLandscapeLeft UIInterfaceOrientationLandscapeRight";
				INFOPLIST_KEY_UISupportedInterfaceOrientations_iPhone = "UIInterfaceOrientationPortrait UIInterfaceOrientationLandscapeLeft UIInterfaceOrientationLandscapeRight";
				LD_RUNPATH_SEARCH_PATHS = (
					"$(inherited)",
					"@executable_path/Frameworks",
				);
				MARKETING_VERSION = 1.0;
				PRODUCT_BUNDLE_IDENTIFIER = in.com.MyEssentialFeed;
				PRODUCT_NAME = "$(TARGET_NAME)";
				SWIFT_EMIT_LOC_STRINGS = YES;
				SWIFT_VERSION = 5.0;
				TARGETED_DEVICE_FAMILY = "1,2";
			};
			name = Release;
		};
		9116BBFF2C89AEF000046324 /* Debug */ = {
			isa = XCBuildConfiguration;
			buildSettings = {
				BUNDLE_LOADER = "$(TEST_HOST)";
				CODE_SIGN_STYLE = Automatic;
				CURRENT_PROJECT_VERSION = 1;
				GENERATE_INFOPLIST_FILE = YES;
				IPHONEOS_DEPLOYMENT_TARGET = 17.5;
				MARKETING_VERSION = 1.0;
				PRODUCT_BUNDLE_IDENTIFIER = in.com.MyEssentialFeedTests;
				PRODUCT_NAME = "$(TARGET_NAME)";
				SWIFT_EMIT_LOC_STRINGS = NO;
				SWIFT_VERSION = 5.0;
				TARGETED_DEVICE_FAMILY = "1,2";
				TEST_HOST = "$(BUILT_PRODUCTS_DIR)/MyEssentialFeed.app/$(BUNDLE_EXECUTABLE_FOLDER_PATH)/MyEssentialFeed";
			};
			name = Debug;
		};
		9116BC002C89AEF000046324 /* Release */ = {
			isa = XCBuildConfiguration;
			buildSettings = {
				BUNDLE_LOADER = "$(TEST_HOST)";
				CODE_SIGN_STYLE = Automatic;
				CURRENT_PROJECT_VERSION = 1;
				GENERATE_INFOPLIST_FILE = YES;
				IPHONEOS_DEPLOYMENT_TARGET = 17.5;
				MARKETING_VERSION = 1.0;
				PRODUCT_BUNDLE_IDENTIFIER = in.com.MyEssentialFeedTests;
				PRODUCT_NAME = "$(TARGET_NAME)";
				SWIFT_EMIT_LOC_STRINGS = NO;
				SWIFT_VERSION = 5.0;
				TARGETED_DEVICE_FAMILY = "1,2";
				TEST_HOST = "$(BUILT_PRODUCTS_DIR)/MyEssentialFeed.app/$(BUNDLE_EXECUTABLE_FOLDER_PATH)/MyEssentialFeed";
			};
			name = Release;
		};
		9116BC022C89AEF000046324 /* Debug */ = {
			isa = XCBuildConfiguration;
			buildSettings = {
				CODE_SIGN_STYLE = Automatic;
				CURRENT_PROJECT_VERSION = 1;
				GENERATE_INFOPLIST_FILE = YES;
				MARKETING_VERSION = 1.0;
				PRODUCT_BUNDLE_IDENTIFIER = in.com.MyEssentialFeedUITests;
				PRODUCT_NAME = "$(TARGET_NAME)";
				SWIFT_EMIT_LOC_STRINGS = NO;
				SWIFT_VERSION = 5.0;
				TARGETED_DEVICE_FAMILY = "1,2";
				TEST_TARGET_NAME = MyEssentialFeed;
			};
			name = Debug;
		};
		9116BC032C89AEF000046324 /* Release */ = {
			isa = XCBuildConfiguration;
			buildSettings = {
				CODE_SIGN_STYLE = Automatic;
				CURRENT_PROJECT_VERSION = 1;
				GENERATE_INFOPLIST_FILE = YES;
				MARKETING_VERSION = 1.0;
				PRODUCT_BUNDLE_IDENTIFIER = in.com.MyEssentialFeedUITests;
				PRODUCT_NAME = "$(TARGET_NAME)";
				SWIFT_EMIT_LOC_STRINGS = NO;
				SWIFT_VERSION = 5.0;
				TARGETED_DEVICE_FAMILY = "1,2";
				TEST_TARGET_NAME = MyEssentialFeed;
			};
			name = Release;
		};
		E897E7992D58C0AA009435A1 /* Debug */ = {
			isa = XCBuildConfiguration;
			buildSettings = {
				BUNDLE_LOADER = "$(TEST_HOST)";
				CODE_SIGN_STYLE = Automatic;
				CURRENT_PROJECT_VERSION = 1;
				GENERATE_INFOPLIST_FILE = YES;
				IPHONEOS_DEPLOYMENT_TARGET = 18.0;
				MARKETING_VERSION = 1.0;
				PRODUCT_BUNDLE_IDENTIFIER = "in.com.-MyEssentialFeedAPIEndToEndTests.MyEssentialFeedAPIEndToEndTests";
				PRODUCT_NAME = "$(TARGET_NAME)";
				SWIFT_EMIT_LOC_STRINGS = NO;
				SWIFT_VERSION = 5.0;
				TARGETED_DEVICE_FAMILY = "1,2";
				TEST_HOST = "$(BUILT_PRODUCTS_DIR)/MyEssentialFeed.app/$(BUNDLE_EXECUTABLE_FOLDER_PATH)/MyEssentialFeed";
			};
			name = Debug;
		};
		E897E79A2D58C0AA009435A1 /* Release */ = {
			isa = XCBuildConfiguration;
			buildSettings = {
				BUNDLE_LOADER = "$(TEST_HOST)";
				CODE_SIGN_STYLE = Automatic;
				CURRENT_PROJECT_VERSION = 1;
				GENERATE_INFOPLIST_FILE = YES;
				IPHONEOS_DEPLOYMENT_TARGET = 18.0;
				MARKETING_VERSION = 1.0;
				PRODUCT_BUNDLE_IDENTIFIER = "in.com.-MyEssentialFeedAPIEndToEndTests.MyEssentialFeedAPIEndToEndTests";
				PRODUCT_NAME = "$(TARGET_NAME)";
				SWIFT_EMIT_LOC_STRINGS = NO;
				SWIFT_VERSION = 5.0;
				TARGETED_DEVICE_FAMILY = "1,2";
				TEST_HOST = "$(BUILT_PRODUCTS_DIR)/MyEssentialFeed.app/$(BUNDLE_EXECUTABLE_FOLDER_PATH)/MyEssentialFeed";
			};
			name = Release;
		};
/* End XCBuildConfiguration section */

/* Begin XCConfigurationList section */
		9116BBCC2C89AEEE00046324 /* Build configuration list for PBXProject "MyEssentialFeed" */ = {
			isa = XCConfigurationList;
			buildConfigurations = (
				9116BBF92C89AEF000046324 /* Debug */,
				9116BBFA2C89AEF000046324 /* Release */,
			);
			defaultConfigurationIsVisible = 0;
			defaultConfigurationName = Release;
		};
		9116BBFB2C89AEF000046324 /* Build configuration list for PBXNativeTarget "MyEssentialFeed" */ = {
			isa = XCConfigurationList;
			buildConfigurations = (
				9116BBFC2C89AEF000046324 /* Debug */,
				9116BBFD2C89AEF000046324 /* Release */,
			);
			defaultConfigurationIsVisible = 0;
			defaultConfigurationName = Release;
		};
		9116BBFE2C89AEF000046324 /* Build configuration list for PBXNativeTarget "MyEssentialFeedTests" */ = {
			isa = XCConfigurationList;
			buildConfigurations = (
				9116BBFF2C89AEF000046324 /* Debug */,
				9116BC002C89AEF000046324 /* Release */,
			);
			defaultConfigurationIsVisible = 0;
			defaultConfigurationName = Release;
		};
		9116BC012C89AEF000046324 /* Build configuration list for PBXNativeTarget "MyEssentialFeedUITests" */ = {
			isa = XCConfigurationList;
			buildConfigurations = (
				9116BC022C89AEF000046324 /* Debug */,
				9116BC032C89AEF000046324 /* Release */,
			);
			defaultConfigurationIsVisible = 0;
			defaultConfigurationName = Release;
		};
		E897E79B2D58C0AA009435A1 /* Build configuration list for PBXNativeTarget "MyEssentialFeedAPIEndToEndTests" */ = {
			isa = XCConfigurationList;
			buildConfigurations = (
				E897E7992D58C0AA009435A1 /* Debug */,
				E897E79A2D58C0AA009435A1 /* Release */,
			);
			defaultConfigurationIsVisible = 0;
			defaultConfigurationName = Release;
		};
/* End XCConfigurationList section */
	};
	rootObject = 9116BBC92C89AEEE00046324 /* Project object */;
}
